
Microsoft Visual Studio Solution File, Format Version 12.00
# Visual Studio Version 16
VisualStudioVersion = 16.0.30517.126
MinimumVisualStudioVersion = 10.0.40219.1
Project("{FAE04EC0-301F-11D3-BF4B-00C04F79EFBC}") = "Demonstrat", "Demonstrat\Demonstrat.csproj", "{CC81E314-FDBE-4CAF-A2A5-B7EBFC2B621A}"
EndProject
Global
	GlobalSection(SolutionConfigurationPlatforms) = preSolution
		Debug|Any CPU = Debug|Any CPU
		Release|Any CPU = Release|Any CPU
	EndGlobalSection
	GlobalSection(ProjectConfigurationPlatforms) = postSolution
		{CC81E314-FDBE-4CAF-A2A5-B7EBFC2B621A}.Debug|Any CPU.ActiveCfg = Debug|Any CPU
		{CC81E314-FDBE-4CAF-A2A5-B7EBFC2B621A}.Debug|Any CPU.Build.0 = Debug|Any CPU
		{CC81E314-FDBE-4CAF-A2A5-B7EBFC2B621A}.Release|Any CPU.ActiveCfg = Release|Any CPU
		{CC81E314-FDBE-4CAF-A2A5-B7EBFC2B621A}.Release|Any CPU.Build.0 = Release|Any CPU
	EndGlobalSection
	GlobalSection(SolutionProperties) = preSolution
		HideSolutionNode = FALSE
	EndGlobalSection
	GlobalSection(ExtensibilityGlobals) = postSolution
		SolutionGuid = {135DA4BC-B03D-499D-AA7F-0BD035119B04}
	EndGlobalSection
EndGlobal
